github.com/dvyukov/go-fuzz v0.0.0-20231019021653-5581da83c52f h1:WDoxHudni5ZFV/s5ioYukovIRKYwYjXDy2GY2L3fhhA=
github.com/dvyukov/go-fuzz v0.0.0-20231019021653-5581da83c52f/go.mod h1:11Gm+ccJnvAhCNLlf5+cS9KjtbaD5I5zaZpFMsTHWTw=
github.com/tdewolff/test v1.0.9 h1:SswqJCmeN4B+9gEAi/5uqT0qpi1y2/2O47V/1hhGZT0=
github.com/tdewolff/test v1.0.9/go.mod h1:6DAvZliBAAnD7rhVgwaM7DE5/d9NMOAJ09SqYqeK4QE=
